
Microsoft Visual Studio Solution File, Format Version 12.00
# Visual Studio 15
VisualStudioVersion = 15.0.28307.168
MinimumVisualStudioVersion = 10.0.40219.1
Project("{FAE04EC0-301F-11D3-BF4B-00C04F79EFBC}") = "NSCWeb", "NSCWeb\NSCWeb.csproj", "{8E7ECEE5-3435-49C3-913E-92E1050D5FF2}"
EndProject
Global
	GlobalSection(SolutionConfigurationPlatforms) = preSolution
		Debug|Any CPU = Debug|Any CPU
		Release|Any CPU = Release|Any CPU
	EndGlobalSection
	GlobalSection(ProjectConfigurationPlatforms) = postSolution
		{8E7ECEE5-3435-49C3-913E-92E1050D5FF2}.Debug|Any CPU.ActiveCfg = Debug|Any CPU
		{8E7ECEE5-3435-49C3-913E-92E1050D5FF2}.Debug|Any CPU.Build.0 = Debug|Any CPU
		{8E7ECEE5-3435-49C3-913E-92E1050D5FF2}.Release|Any CPU.ActiveCfg = Release|Any CPU
		{8E7ECEE5-3435-49C3-913E-92E1050D5FF2}.Release|Any CPU.Build.0 = Release|Any CPU
	EndGlobalSection
	GlobalSection(SolutionProperties) = preSolution
		HideSolutionNode = FALSE
	EndGlobalSection
	GlobalSection(ExtensibilityGlobals) = postSolution
		SolutionGuid = {6EF2A1CB-E500-45C5-91C0-2062A35168CF}
	EndGlobalSection
EndGlobal
